
Microsoft Visual Studio Solution File, Format Version 12.00
# Visual Studio Version 17
VisualStudioVersion = 17.6.33723.286
MinimumVisualStudioVersion = 10.0.40219.1
Project("{FAE04EC0-301F-11D3-BF4B-00C04F79EFBC}") = "PruebaTecnicaSuma", "PruebaTecnicaSuma.csproj", "{B14828F7-B92D-42BE-BA92-92BCA15CA24F}"
EndProject
Project("{FAE04EC0-301F-11D3-BF4B-00C04F79EFBC}") = "PruebaTecnicaSummaTests", "..\PruebaTecnicaSummaTests\PruebaTecnicaSummaTests.csproj", "{76A663B5-3845-44E7-9B15-FC0B9CCBA320}"
EndProject
Global
	GlobalSection(SolutionConfigurationPlatforms) = preSolution
		Debug|Any CPU = Debug|Any CPU
		Release|Any CPU = Release|Any CPU
	EndGlobalSection
	GlobalSection(ProjectConfigurationPlatforms) = postSolution
		{B14828F7-B92D-42BE-BA92-92BCA15CA24F}.Debug|Any CPU.ActiveCfg = Debug|Any CPU
		{B14828F7-B92D-42BE-BA92-92BCA15CA24F}.Debug|Any CPU.Build.0 = Debug|Any CPU
		{B14828F7-B92D-42BE-BA92-92BCA15CA24F}.Release|Any CPU.ActiveCfg = Release|Any CPU
		{B14828F7-B92D-42BE-BA92-92BCA15CA24F}.Release|Any CPU.Build.0 = Release|Any CPU
		{76A663B5-3845-44E7-9B15-FC0B9CCBA320}.Debug|Any CPU.ActiveCfg = Debug|Any CPU
		{76A663B5-3845-44E7-9B15-FC0B9CCBA320}.Debug|Any CPU.Build.0 = Debug|Any CPU
		{76A663B5-3845-44E7-9B15-FC0B9CCBA320}.Release|Any CPU.ActiveCfg = Release|Any CPU
		{76A663B5-3845-44E7-9B15-FC0B9CCBA320}.Release|Any CPU.Build.0 = Release|Any CPU
	EndGlobalSection
	GlobalSection(SolutionProperties) = preSolution
		HideSolutionNode = FALSE
	EndGlobalSection
	GlobalSection(ExtensibilityGlobals) = postSolution
		SolutionGuid = {053B0E2B-336D-4C0D-BF01-AF6077D0237F}
	EndGlobalSection
EndGlobal
